
Microsoft Visual Studio Solution File, Format Version 12.00
# Visual Studio Version 17
VisualStudioVersion = 17.10.34928.147
MinimumVisualStudioVersion = 10.0.40219.1
Project("{9A19103F-16F7-4668-BE54-9A1E7A4F7556}") = "BookingDatabase", "BookingDatabase\BookingDatabase.csproj", "{05437354-83F8-4723-A264-A2AECB7D4469}"
EndProject
Project("{FAE04EC0-301F-11D3-BF4B-00C04F79EFBC}") = "BookingLogic", "BookingLogic\BookingLogic.csproj", "{59EEE4F4-3C53-4367-BDB8-CC302F614762}"
EndProject
Global
	GlobalSection(SolutionConfigurationPlatforms) = preSolution
		Debug|Any CPU = Debug|Any CPU
		Release|Any CPU = Release|Any CPU
	EndGlobalSection
	GlobalSection(ProjectConfigurationPlatforms) = postSolution
		{05437354-83F8-4723-A264-A2AECB7D4469}.Debug|Any CPU.ActiveCfg = Debug|Any CPU
		{05437354-83F8-4723-A264-A2AECB7D4469}.Debug|Any CPU.Build.0 = Debug|Any CPU
		{05437354-83F8-4723-A264-A2AECB7D4469}.Release|Any CPU.ActiveCfg = Release|Any CPU
		{05437354-83F8-4723-A264-A2AECB7D4469}.Release|Any CPU.Build.0 = Release|Any CPU
		{59EEE4F4-3C53-4367-BDB8-CC302F614762}.Debug|Any CPU.ActiveCfg = Debug|Any CPU
		{59EEE4F4-3C53-4367-BDB8-CC302F614762}.Debug|Any CPU.Build.0 = Debug|Any CPU
		{59EEE4F4-3C53-4367-BDB8-CC302F614762}.Release|Any CPU.ActiveCfg = Release|Any CPU
		{59EEE4F4-3C53-4367-BDB8-CC302F614762}.Release|Any CPU.Build.0 = Release|Any CPU
	EndGlobalSection
	GlobalSection(SolutionProperties) = preSolution
		HideSolutionNode = FALSE
	EndGlobalSection
	GlobalSection(ExtensibilityGlobals) = postSolution
		SolutionGuid = {C1A46B00-D9B7-456F-A458-2A60DA9856BC}
	EndGlobalSection
EndGlobal
